
Microsoft Visual Studio Solution File, Format Version 12.00
# Visual Studio Version 16
VisualStudioVersion = 16.0.28803.156
MinimumVisualStudioVersion = 10.0.40219.1
Project("{FAE04EC0-301F-11D3-BF4B-00C04F79EFBC}") = "AutoUpdater.NET", "AutoUpdater.NET\AutoUpdater.NET.csproj", "{A97493FB-1C01-4078-97EE-C516B4479A32}"
EndProject
Global
	GlobalSection(SolutionConfigurationPlatforms) = preSolution
		Debug|Any CPU = Debug|Any CPU
		Release|Any CPU = Release|Any CPU
	EndGlobalSection
	GlobalSection(ProjectConfigurationPlatforms) = postSolution
		{A97493FB-1C01-4078-97EE-C516B4479A32}.Debug|Any CPU.ActiveCfg = Debug|Any CPU
		{A97493FB-1C01-4078-97EE-C516B4479A32}.Debug|Any CPU.Build.0 = Debug|Any CPU
		{A97493FB-1C01-4078-97EE-C516B4479A32}.Release|Any CPU.ActiveCfg = Release|Any CPU
		{A97493FB-1C01-4078-97EE-C516B4479A32}.Release|Any CPU.Build.0 = Release|Any CPU
	EndGlobalSection
	GlobalSection(SolutionProperties) = preSolution
		HideSolutionNode = FALSE
	EndGlobalSection
	GlobalSection(ExtensibilityGlobals) = postSolution
		SolutionGuid = {3499DC1A-76EE-4969-92E2-116E2BA27FBF}
	EndGlobalSection
EndGlobal
